// !$*UTF8*$!
{
	archiveVersion = 1;
	classes = {
	};
	objectVersion = 48;
	objects = {

/* Begin PBXBuildFile section */
		2403091120121CB60021F2D2 /* SwipeToDismissController.swift in Sources */ = {isa = PBXBuildFile; fileRef = 2403091020121CB60021F2D2 /* SwipeToDismissController.swift */; };
		24030913201220AA0021F2D2 /* SwipeToDismissContext.swift in Sources */ = {isa = PBXBuildFile; fileRef = 24030912201220AA0021F2D2 /* SwipeToDismissContext.swift */; };
		24030915201221D10021F2D2 /* DismissAnimator.swift in Sources */ = {isa = PBXBuildFile; fileRef = 24030914201221D10021F2D2 /* DismissAnimator.swift */; };
		240309342016DA700021F2D2 /* SwipeTransition.framework in Frameworks */ = {isa = PBXBuildFile; fileRef = 241BA6C61FEC271B002E8902 /* SwipeTransition.framework */; };
		241A249A1FF7375300347055 /* SwipeBackContextTests.swift in Sources */ = {isa = PBXBuildFile; fileRef = 241A24991FF7375300347055 /* SwipeBackContextTests.swift */; };
		241A249C1FF7375300347055 /* SwipeTransition.framework in Frameworks */ = {isa = PBXBuildFile; fileRef = 241BA6C61FEC271B002E8902 /* SwipeTransition.framework */; };
		241A24A51FF7BC8000347055 /* TestablePanGestureRecognizer.swift in Sources */ = {isa = PBXBuildFile; fileRef = 241A24A41FF7BC8000347055 /* TestablePanGestureRecognizer.swift */; };
		241A87AC2018367C00009390 /* OneFingerDirectionalPanGestureRecognizer.swift in Sources */ = {isa = PBXBuildFile; fileRef = 241A87AB2018367C00009390 /* OneFingerDirectionalPanGestureRecognizer.swift */; };
		241BA6CB1FEC271B002E8902 /* SwipeTransition.h in Headers */ = {isa = PBXBuildFile; fileRef = 241BA6C91FEC271B002E8902 /* SwipeTransition.h */; settings = {ATTRIBUTES = (Public, ); }; };
		241BA6D21FEC2730002E8902 /* SwipeBackController.swift in Sources */ = {isa = PBXBuildFile; fileRef = 241BA6D11FEC2730002E8902 /* SwipeBackController.swift */; };
		241BA6D41FEC2778002E8902 /* SwipeBackAnimator.swift in Sources */ = {isa = PBXBuildFile; fileRef = 241BA6D31FEC2778002E8902 /* SwipeBackAnimator.swift */; };
		241BA6DC1FEC480E002E8902 /* AppDelegate.swift in Sources */ = {isa = PBXBuildFile; fileRef = 241BA6DB1FEC480E002E8902 /* AppDelegate.swift */; };
		241BA6DE1FEC480E002E8902 /* ViewController.swift in Sources */ = {isa = PBXBuildFile; fileRef = 241BA6DD1FEC480E002E8902 /* ViewController.swift */; };
		241BA6E11FEC480E002E8902 /* Main.storyboard in Resources */ = {isa = PBXBuildFile; fileRef = 241BA6DF1FEC480E002E8902 /* Main.storyboard */; };
		241BA6E31FEC480E002E8902 /* Assets.xcassets in Resources */ = {isa = PBXBuildFile; fileRef = 241BA6E21FEC480E002E8902 /* Assets.xcassets */; };
		241BA6E61FEC480E002E8902 /* LaunchScreen.storyboard in Resources */ = {isa = PBXBuildFile; fileRef = 241BA6E41FEC480E002E8902 /* LaunchScreen.storyboard */; };
		241BA6EC1FECC571002E8902 /* InteractiveTransition.swift in Sources */ = {isa = PBXBuildFile; fileRef = 241BA6EB1FECC571002E8902 /* InteractiveTransition.swift */; };
		241BA6EE1FECCDA8002E8902 /* SwipeBackExtensions.swift in Sources */ = {isa = PBXBuildFile; fileRef = 241BA6ED1FECCDA8002E8902 /* SwipeBackExtensions.swift */; };
		241BA6F01FECDA8A002E8902 /* SwipeTransition.framework in Embed Frameworks */ = {isa = PBXBuildFile; fileRef = 241BA6C61FEC271B002E8902 /* SwipeTransition.framework */; settings = {ATTRIBUTES = (CodeSignOnCopy, RemoveHeadersOnCopy, ); }; };
		241BA6F91FECF03D002E8902 /* SwipeBackNavigationController.swift in Sources */ = {isa = PBXBuildFile; fileRef = 241BA6F81FECF03D002E8902 /* SwipeBackNavigationController.swift */; };
		241BA6FB1FED07F1002E8902 /* SwipeBackConfiguration.swift in Sources */ = {isa = PBXBuildFile; fileRef = 241BA6FA1FED07F1002E8902 /* SwipeBackConfiguration.swift */; };
		2463FF192046914C005C77C4 /* SwipeToDismissTests.swift in Sources */ = {isa = PBXBuildFile; fileRef = 2463FF182046914C005C77C4 /* SwipeToDismissTests.swift */; };
		2467A7A11FED4E43007A7AC9 /* DelegateProxy.m in Sources */ = {isa = PBXBuildFile; fileRef = 2467A7A01FED4E43007A7AC9 /* DelegateProxy.m */; };
		2467A7A21FED4EA5007A7AC9 /* DelegateProxy.h in Headers */ = {isa = PBXBuildFile; fileRef = 2467A79F1FED4DEF007A7AC9 /* DelegateProxy.h */; settings = {ATTRIBUTES = (Public, ); }; };
		2467A7A41FED5967007A7AC9 /* SwipeToDismissExtensions.swift in Sources */ = {isa = PBXBuildFile; fileRef = 2467A7A31FED5967007A7AC9 /* SwipeToDismissExtensions.swift */; };
		2467A7A81FEE2A0D007A7AC9 /* SwipeToDismissConfiguration.swift in Sources */ = {isa = PBXBuildFile; fileRef = 2467A7A71FEE2A0D007A7AC9 /* SwipeToDismissConfiguration.swift */; };
		2467A7B01FEE5886007A7AC9 /* SwipeToDismissNavigationController.swift in Sources */ = {isa = PBXBuildFile; fileRef = 2467A7AF1FEE5886007A7AC9 /* SwipeToDismissNavigationController.swift */; };
		2467A7BC1FEF7E44007A7AC9 /* AutoSwipeBack.h in Headers */ = {isa = PBXBuildFile; fileRef = 2467A7BA1FEF7E44007A7AC9 /* AutoSwipeBack.h */; settings = {ATTRIBUTES = (Public, ); }; };
		2467A7C51FEF7F41007A7AC9 /* UINavigationController+AutoSwipeBack.m in Sources */ = {isa = PBXBuildFile; fileRef = 2467A7C41FEF7F41007A7AC9 /* UINavigationController+AutoSwipeBack.m */; };
		2467A7C71FEF8938007A7AC9 /* AssocKey.swift in Sources */ = {isa = PBXBuildFile; fileRef = 2467A7C61FEF8938007A7AC9 /* AssocKey.swift */; };
		2467A7D71FEF8A06007A7AC9 /* AssocKey.swift in Sources */ = {isa = PBXBuildFile; fileRef = 2467A7C61FEF8938007A7AC9 /* AssocKey.swift */; };
		2467A7D91FEF8ABD007A7AC9 /* UINavigationController+AutoSwipeBack.h in Headers */ = {isa = PBXBuildFile; fileRef = 2467A7D81FEF8ABD007A7AC9 /* UINavigationController+AutoSwipeBack.h */; settings = {ATTRIBUTES = (Public, ); }; };
		2467A7E11FEFD393007A7AC9 /* AppDelegate.swift in Sources */ = {isa = PBXBuildFile; fileRef = 2467A7E01FEFD393007A7AC9 /* AppDelegate.swift */; };
		2467A7E31FEFD393007A7AC9 /* PushTopVC.swift in Sources */ = {isa = PBXBuildFile; fileRef = 2467A7E21FEFD393007A7AC9 /* PushTopVC.swift */; };
		2467A7E61FEFD393007A7AC9 /* Main.storyboard in Resources */ = {isa = PBXBuildFile; fileRef = 2467A7E41FEFD393007A7AC9 /* Main.storyboard */; };
		2467A7E81FEFD393007A7AC9 /* Assets.xcassets in Resources */ = {isa = PBXBuildFile; fileRef = 2467A7E71FEFD393007A7AC9 /* Assets.xcassets */; };
		2467A7EB1FEFD393007A7AC9 /* LaunchScreen.storyboard in Resources */ = {isa = PBXBuildFile; fileRef = 2467A7E91FEFD393007A7AC9 /* LaunchScreen.storyboard */; };
		2467A7F01FEFD3A1007A7AC9 /* AutoSwipeBack.framework in Frameworks */ = {isa = PBXBuildFile; fileRef = 2467A7B81FEF7E44007A7AC9 /* AutoSwipeBack.framework */; };
		2467A7F11FEFD3A1007A7AC9 /* AutoSwipeBack.framework in Embed Frameworks */ = {isa = PBXBuildFile; fileRef = 2467A7B81FEF7E44007A7AC9 /* AutoSwipeBack.framework */; settings = {ATTRIBUTES = (CodeSignOnCopy, RemoveHeadersOnCopy, ); }; };
		2467A7FF1FEFDA2B007A7AC9 /* AutoSwipeToDismiss.h in Headers */ = {isa = PBXBuildFile; fileRef = 2467A7FD1FEFDA2B007A7AC9 /* AutoSwipeToDismiss.h */; settings = {ATTRIBUTES = (Public, ); }; };
		2467A8101FEFDA44007A7AC9 /* AssocKey.swift in Sources */ = {isa = PBXBuildFile; fileRef = 2467A7C61FEF8938007A7AC9 /* AssocKey.swift */; };
		2467A8121FEFDA64007A7AC9 /* UINavigationController+AutoSwipeToDismiss.h in Headers */ = {isa = PBXBuildFile; fileRef = 2467A8111FEFDA64007A7AC9 /* UINavigationController+AutoSwipeToDismiss.h */; settings = {ATTRIBUTES = (Public, ); }; };
		2467A8141FEFDA79007A7AC9 /* UINavigationController+AutoSwipeToDismiss.m in Sources */ = {isa = PBXBuildFile; fileRef = 2467A8131FEFDA79007A7AC9 /* UINavigationController+AutoSwipeToDismiss.m */; };
		2467A8151FEFDF7C007A7AC9 /* AutoSwipeToDismiss.framework in Frameworks */ = {isa = PBXBuildFile; fileRef = 2467A7FB1FEFDA2B007A7AC9 /* AutoSwipeToDismiss.framework */; };
		2467A8161FEFDF7C007A7AC9 /* AutoSwipeToDismiss.framework in Embed Frameworks */ = {isa = PBXBuildFile; fileRef = 2467A7FB1FEFDA2B007A7AC9 /* AutoSwipeToDismiss.framework */; settings = {ATTRIBUTES = (CodeSignOnCopy, RemoveHeadersOnCopy, ); }; };
		247E68A31FF2348600617B12 /* DelegateProxy.swift in Sources */ = {isa = PBXBuildFile; fileRef = 247E68A21FF2348600617B12 /* DelegateProxy.swift */; };
		247E68A71FF2451B00617B12 /* SwipeTransition.framework in Frameworks */ = {isa = PBXBuildFile; fileRef = 241BA6C61FEC271B002E8902 /* SwipeTransition.framework */; };
		247E68A81FF2452100617B12 /* SwipeTransition.framework in Frameworks */ = {isa = PBXBuildFile; fileRef = 241BA6C61FEC271B002E8902 /* SwipeTransition.framework */; };
		247E68A91FF2453E00617B12 /* SwipeTransition.framework in Frameworks */ = {isa = PBXBuildFile; fileRef = 241BA6C61FEC271B002E8902 /* SwipeTransition.framework */; };
		247E68AA1FF2453E00617B12 /* SwipeTransition.framework in Embed Frameworks */ = {isa = PBXBuildFile; fileRef = 241BA6C61FEC271B002E8902 /* SwipeTransition.framework */; settings = {ATTRIBUTES = (CodeSignOnCopy, RemoveHeadersOnCopy, ); }; };
		247E68B01FF3466300617B12 /* SwipeBackContext.swift in Sources */ = {isa = PBXBuildFile; fileRef = 247E68AF1FF3466300617B12 /* SwipeBackContext.swift */; };
		24914077203B39B300D3E4CD /* Context.swift in Sources */ = {isa = PBXBuildFile; fileRef = 24914076203B39B300D3E4CD /* Context.swift */; };
		24914079203B475500D3E4CD /* TransitionHandleable.swift in Sources */ = {isa = PBXBuildFile; fileRef = 24914078203B475500D3E4CD /* TransitionHandleable.swift */; };
		24CD1BCD2154E4CC0065244F /* ObjectiveCSupportTests.m in Sources */ = {isa = PBXBuildFile; fileRef = 24CD1BCC2154E4CC0065244F /* ObjectiveCSupportTests.m */; };
		24CD1BCE2154E9AC0065244F /* AutoSwipeToDismiss.framework in Frameworks */ = {isa = PBXBuildFile; fileRef = 2467A7FB1FEFDA2B007A7AC9 /* AutoSwipeToDismiss.framework */; };
/* End PBXBuildFile section */

/* Begin PBXContainerItemProxy section */
		241A249D1FF7375300347055 /* PBXContainerItemProxy */ = {
			isa = PBXContainerItemProxy;
			containerPortal = 241BA6BD1FEC271B002E8902 /* Project object */;
			proxyType = 1;
			remoteGlobalIDString = 241BA6C51FEC271B002E8902;
			remoteInfo = SwipeTransition;
		};
		241A24A21FF7383500347055 /* PBXContainerItemProxy */ = {
			isa = PBXContainerItemProxy;
			containerPortal = 241BA6BD1FEC271B002E8902 /* Project object */;
			proxyType = 1;
			remoteGlobalIDString = 241BA6D81FEC480E002E8902;
			remoteInfo = Example;
		};
		241BA6F11FECDA8A002E8902 /* PBXContainerItemProxy */ = {
			isa = PBXContainerItemProxy;
			containerPortal = 241BA6BD1FEC271B002E8902 /* Project object */;
			proxyType = 1;
			remoteGlobalIDString = 241BA6C51FEC271B002E8902;
			remoteInfo = BackSwipeable;
		};
		2467A7F21FEFD3A1007A7AC9 /* PBXContainerItemProxy */ = {
			isa = PBXContainerItemProxy;
			containerPortal = 241BA6BD1FEC271B002E8902 /* Project object */;
			proxyType = 1;
			remoteGlobalIDString = 2467A7B71FEF7E44007A7AC9;
			remoteInfo = AutoSwipeTransition;
		};
		2467A8171FEFDF7C007A7AC9 /* PBXContainerItemProxy */ = {
			isa = PBXContainerItemProxy;
			containerPortal = 241BA6BD1FEC271B002E8902 /* Project object */;
			proxyType = 1;
			remoteGlobalIDString = 2467A7FA1FEFDA2B007A7AC9;
			remoteInfo = AutoSwipeToDismiss;
		};
		247E68AB1FF2453E00617B12 /* PBXContainerItemProxy */ = {
			isa = PBXContainerItemProxy;
			containerPortal = 241BA6BD1FEC271B002E8902 /* Project object */;
			proxyType = 1;
			remoteGlobalIDString = 241BA6C51FEC271B002E8902;
			remoteInfo = SwipeTransition;
		};
/* End PBXContainerItemProxy section */

/* Begin PBXCopyFilesBuildPhase section */
		241BA6F31FECDA8A002E8902 /* Embed Frameworks */ = {
			isa = PBXCopyFilesBuildPhase;
			buildActionMask = 2147483647;
			dstPath = "";
			dstSubfolderSpec = 10;
			files = (
				241BA6F01FECDA8A002E8902 /* SwipeTransition.framework in Embed Frameworks */,
			);
			name = "Embed Frameworks";
			runOnlyForDeploymentPostprocessing = 0;
		};
		2467A7F41FEFD3A1007A7AC9 /* Embed Frameworks */ = {
			isa = PBXCopyFilesBuildPhase;
			buildActionMask = 2147483647;
			dstPath = "";
			dstSubfolderSpec = 10;
			files = (
				247E68AA1FF2453E00617B12 /* SwipeTransition.framework in Embed Frameworks */,
				2467A8161FEFDF7C007A7AC9 /* AutoSwipeToDismiss.framework in Embed Frameworks */,
				2467A7F11FEFD3A1007A7AC9 /* AutoSwipeBack.framework in Embed Frameworks */,
			);
			name = "Embed Frameworks";
			runOnlyForDeploymentPostprocessing = 0;
		};
/* End PBXCopyFilesBuildPhase section */

/* Begin PBXFileReference section */
		2403091020121CB60021F2D2 /* SwipeToDismissController.swift */ = {isa = PBXFileReference; lastKnownFileType = sourcecode.swift; path = SwipeToDismissController.swift; sourceTree = "<group>"; };
		24030912201220AA0021F2D2 /* SwipeToDismissContext.swift */ = {isa = PBXFileReference; lastKnownFileType = sourcecode.swift; path = SwipeToDismissContext.swift; sourceTree = "<group>"; };
		24030914201221D10021F2D2 /* DismissAnimator.swift */ = {isa = PBXFileReference; lastKnownFileType = sourcecode.swift; path = DismissAnimator.swift; sourceTree = "<group>"; };
		241A24971FF7375300347055 /* SwipeTransitionTests.xctest */ = {isa = PBXFileReference; explicitFileType = wrapper.cfbundle; includeInIndex = 0; path = SwipeTransitionTests.xctest; sourceTree = BUILT_PRODUCTS_DIR; };
		241A24991FF7375300347055 /* SwipeBackContextTests.swift */ = {isa = PBXFileReference; lastKnownFileType = sourcecode.swift; path = SwipeBackContextTests.swift; sourceTree = "<group>"; };
		241A249B1FF7375300347055 /* Info.plist */ = {isa = PBXFileReference; lastKnownFileType = text.plist.xml; path = Info.plist; sourceTree = "<group>"; };
		241A24A41FF7BC8000347055 /* TestablePanGestureRecognizer.swift */ = {isa = PBXFileReference; lastKnownFileType = sourcecode.swift; path = TestablePanGestureRecognizer.swift; sourceTree = "<group>"; };
		241A87AB2018367C00009390 /* OneFingerDirectionalPanGestureRecognizer.swift */ = {isa = PBXFileReference; lastKnownFileType = sourcecode.swift; path = OneFingerDirectionalPanGestureRecognizer.swift; sourceTree = "<group>"; };
		241BA6C61FEC271B002E8902 /* SwipeTransition.framework */ = {isa = PBXFileReference; explicitFileType = wrapper.framework; includeInIndex = 0; path = SwipeTransition.framework; sourceTree = BUILT_PRODUCTS_DIR; };
		241BA6C91FEC271B002E8902 /* SwipeTransition.h */ = {isa = PBXFileReference; lastKnownFileType = sourcecode.c.h; path = SwipeTransition.h; sourceTree = "<group>"; };
		241BA6CA1FEC271B002E8902 /* Info.plist */ = {isa = PBXFileReference; lastKnownFileType = text.plist.xml; path = Info.plist; sourceTree = "<group>"; };
		241BA6D11FEC2730002E8902 /* SwipeBackController.swift */ = {isa = PBXFileReference; lastKnownFileType = sourcecode.swift; path = SwipeBackController.swift; sourceTree = "<group>"; };
		241BA6D31FEC2778002E8902 /* SwipeBackAnimator.swift */ = {isa = PBXFileReference; lastKnownFileType = sourcecode.swift; path = SwipeBackAnimator.swift; sourceTree = "<group>"; };
		241BA6D91FEC480E002E8902 /* Example.app */ = {isa = PBXFileReference; explicitFileType = wrapper.application; includeInIndex = 0; path = Example.app; sourceTree = BUILT_PRODUCTS_DIR; };
		241BA6DB1FEC480E002E8902 /* AppDelegate.swift */ = {isa = PBXFileReference; lastKnownFileType = sourcecode.swift; path = AppDelegate.swift; sourceTree = "<group>"; };
		241BA6DD1FEC480E002E8902 /* ViewController.swift */ = {isa = PBXFileReference; lastKnownFileType = sourcecode.swift; path = ViewController.swift; sourceTree = "<group>"; };
		241BA6E01FEC480E002E8902 /* Base */ = {isa = PBXFileReference; lastKnownFileType = file.storyboard; name = Base; path = Base.lproj/Main.storyboard; sourceTree = "<group>"; };
		241BA6E21FEC480E002E8902 /* Assets.xcassets */ = {isa = PBXFileReference; lastKnownFileType = folder.assetcatalog; path = Assets.xcassets; sourceTree = "<group>"; };
		241BA6E51FEC480E002E8902 /* Base */ = {isa = PBXFileReference; lastKnownFileType = file.storyboard; name = Base; path = Base.lproj/LaunchScreen.storyboard; sourceTree = "<group>"; };
		241BA6E71FEC480E002E8902 /* Info.plist */ = {isa = PBXFileReference; lastKnownFileType = text.plist.xml; path = Info.plist; sourceTree = "<group>"; };
		241BA6EB1FECC571002E8902 /* InteractiveTransition.swift */ = {isa = PBXFileReference; lastKnownFileType = sourcecode.swift; path = InteractiveTransition.swift; sourceTree = "<group>"; };
		241BA6ED1FECCDA8002E8902 /* SwipeBackExtensions.swift */ = {isa = PBXFileReference; lastKnownFileType = sourcecode.swift; path = SwipeBackExtensions.swift; sourceTree = "<group>"; };
		241BA6F81FECF03D002E8902 /* SwipeBackNavigationController.swift */ = {isa = PBXFileReference; lastKnownFileType = sourcecode.swift; path = SwipeBackNavigationController.swift; sourceTree = "<group>"; };
		241BA6FA1FED07F1002E8902 /* SwipeBackConfiguration.swift */ = {isa = PBXFileReference; lastKnownFileType = sourcecode.swift; path = SwipeBackConfiguration.swift; sourceTree = "<group>"; };
		2463FF182046914C005C77C4 /* SwipeToDismissTests.swift */ = {isa = PBXFileReference; lastKnownFileType = sourcecode.swift; path = SwipeToDismissTests.swift; sourceTree = "<group>"; };
		2467A79F1FED4DEF007A7AC9 /* DelegateProxy.h */ = {isa = PBXFileReference; lastKnownFileType = sourcecode.c.h; path = DelegateProxy.h; sourceTree = "<group>"; };
		2467A7A01FED4E43007A7AC9 /* DelegateProxy.m */ = {isa = PBXFileReference; lastKnownFileType = sourcecode.c.objc; path = DelegateProxy.m; sourceTree = "<group>"; };
		2467A7A31FED5967007A7AC9 /* SwipeToDismissExtensions.swift */ = {isa = PBXFileReference; lastKnownFileType = sourcecode.swift; path = SwipeToDismissExtensions.swift; sourceTree = "<group>"; };
		2467A7A71FEE2A0D007A7AC9 /* SwipeToDismissConfiguration.swift */ = {isa = PBXFileReference; lastKnownFileType = sourcecode.swift; path = SwipeToDismissConfiguration.swift; sourceTree = "<group>"; };
		2467A7AF1FEE5886007A7AC9 /* SwipeToDismissNavigationController.swift */ = {isa = PBXFileReference; lastKnownFileType = sourcecode.swift; path = SwipeToDismissNavigationController.swift; sourceTree = "<group>"; };
		2467A7B81FEF7E44007A7AC9 /* AutoSwipeBack.framework */ = {isa = PBXFileReference; explicitFileType = wrapper.framework; includeInIndex = 0; path = AutoSwipeBack.framework; sourceTree = BUILT_PRODUCTS_DIR; };
		2467A7BA1FEF7E44007A7AC9 /* AutoSwipeBack.h */ = {isa = PBXFileReference; lastKnownFileType = sourcecode.c.h; path = AutoSwipeBack.h; sourceTree = "<group>"; };
		2467A7BB1FEF7E44007A7AC9 /* Info.plist */ = {isa = PBXFileReference; lastKnownFileType = text.plist.xml; path = Info.plist; sourceTree = "<group>"; };
		2467A7C41FEF7F41007A7AC9 /* UINavigationController+AutoSwipeBack.m */ = {isa = PBXFileReference; lastKnownFileType = sourcecode.c.objc; path = "UINavigationController+AutoSwipeBack.m"; sourceTree = "<group>"; };
		2467A7C61FEF8938007A7AC9 /* AssocKey.swift */ = {isa = PBXFileReference; lastKnownFileType = sourcecode.swift; path = AssocKey.swift; sourceTree = "<group>"; };
		2467A7D81FEF8ABD007A7AC9 /* UINavigationController+AutoSwipeBack.h */ = {isa = PBXFileReference; lastKnownFileType = sourcecode.c.h; path = "UINavigationController+AutoSwipeBack.h"; sourceTree = "<group>"; };
		2467A7DE1FEFD393007A7AC9 /* AutoExample.app */ = {isa = PBXFileReference; explicitFileType = wrapper.application; includeInIndex = 0; path = AutoExample.app; sourceTree = BUILT_PRODUCTS_DIR; };
		2467A7E01FEFD393007A7AC9 /* AppDelegate.swift */ = {isa = PBXFileReference; lastKnownFileType = sourcecode.swift; path = AppDelegate.swift; sourceTree = "<group>"; };
		2467A7E21FEFD393007A7AC9 /* PushTopVC.swift */ = {isa = PBXFileReference; lastKnownFileType = sourcecode.swift; path = PushTopVC.swift; sourceTree = "<group>"; };
		2467A7E51FEFD393007A7AC9 /* Base */ = {isa = PBXFileReference; lastKnownFileType = file.storyboard; name = Base; path = Base.lproj/Main.storyboard; sourceTree = "<group>"; };
		2467A7E71FEFD393007A7AC9 /* Assets.xcassets */ = {isa = PBXFileReference; lastKnownFileType = folder.assetcatalog; path = Assets.xcassets; sourceTree = "<group>"; };
		2467A7EA1FEFD393007A7AC9 /* Base */ = {isa = PBXFileReference; lastKnownFileType = file.storyboard; name = Base; path = Base.lproj/LaunchScreen.storyboard; sourceTree = "<group>"; };
		2467A7EC1FEFD393007A7AC9 /* Info.plist */ = {isa = PBXFileReference; lastKnownFileType = text.plist.xml; path = Info.plist; sourceTree = "<group>"; };
		2467A7FB1FEFDA2B007A7AC9 /* AutoSwipeToDismiss.framework */ = {isa = PBXFileReference; explicitFileType = wrapper.framework; includeInIndex = 0; path = AutoSwipeToDismiss.framework; sourceTree = BUILT_PRODUCTS_DIR; };
		2467A7FD1FEFDA2B007A7AC9 /* AutoSwipeToDismiss.h */ = {isa = PBXFileReference; lastKnownFileType = sourcecode.c.h; path = AutoSwipeToDismiss.h; sourceTree = "<group>"; };
		2467A7FE1FEFDA2B007A7AC9 /* Info.plist */ = {isa = PBXFileReference; lastKnownFileType = text.plist.xml; path = Info.plist; sourceTree = "<group>"; };
		2467A8111FEFDA64007A7AC9 /* UINavigationController+AutoSwipeToDismiss.h */ = {isa = PBXFileReference; lastKnownFileType = sourcecode.c.h; path = "UINavigationController+AutoSwipeToDismiss.h"; sourceTree = "<group>"; };
		2467A8131FEFDA79007A7AC9 /* UINavigationController+AutoSwipeToDismiss.m */ = {isa = PBXFileReference; lastKnownFileType = sourcecode.c.objc; path = "UINavigationController+AutoSwipeToDismiss.m"; sourceTree = "<group>"; };
		247E68A21FF2348600617B12 /* DelegateProxy.swift */ = {isa = PBXFileReference; lastKnownFileType = sourcecode.swift; path = DelegateProxy.swift; sourceTree = "<group>"; };
		247E68AF1FF3466300617B12 /* SwipeBackContext.swift */ = {isa = PBXFileReference; lastKnownFileType = sourcecode.swift; path = SwipeBackContext.swift; sourceTree = "<group>"; };
		24914076203B39B300D3E4CD /* Context.swift */ = {isa = PBXFileReference; lastKnownFileType = sourcecode.swift; path = Context.swift; sourceTree = "<group>"; };
		24914078203B475500D3E4CD /* TransitionHandleable.swift */ = {isa = PBXFileReference; lastKnownFileType = sourcecode.swift; path = TransitionHandleable.swift; sourceTree = "<group>"; };
		24CD1BCB2154E4CC0065244F /* SwipeTransitionTests-Bridging-Header.h */ = {isa = PBXFileReference; lastKnownFileType = sourcecode.c.h; path = "SwipeTransitionTests-Bridging-Header.h"; sourceTree = "<group>"; };
		24CD1BCC2154E4CC0065244F /* ObjectiveCSupportTests.m */ = {isa = PBXFileReference; lastKnownFileType = sourcecode.c.objc; path = ObjectiveCSupportTests.m; sourceTree = "<group>"; };
/* End PBXFileReference section */

/* Begin PBXFrameworksBuildPhase section */
		241A24941FF7375300347055 /* Frameworks */ = {
			isa = PBXFrameworksBuildPhase;
			buildActionMask = 2147483647;
			files = (
				24CD1BCE2154E9AC0065244F /* AutoSwipeToDismiss.framework in Frameworks */,
				241A249C1FF7375300347055 /* SwipeTransition.framework in Frameworks */,
			);
			runOnlyForDeploymentPostprocessing = 0;
		};
		241BA6C21FEC271B002E8902 /* Frameworks */ = {
			isa = PBXFrameworksBuildPhase;
			buildActionMask = 2147483647;
			files = (
			);
			runOnlyForDeploymentPostprocessing = 0;
		};
		241BA6D61FEC480E002E8902 /* Frameworks */ = {
			isa = PBXFrameworksBuildPhase;
			buildActionMask = 2147483647;
			files = (
				240309342016DA700021F2D2 /* SwipeTransition.framework in Frameworks */,
			);
			runOnlyForDeploymentPostprocessing = 0;
		};
		2467A7B41FEF7E44007A7AC9 /* Frameworks */ = {
			isa = PBXFrameworksBuildPhase;
			buildActionMask = 2147483647;
			files = (
				247E68A71FF2451B00617B12 /* SwipeTransition.framework in Frameworks */,
			);
			runOnlyForDeploymentPostprocessing = 0;
		};
		2467A7DB1FEFD393007A7AC9 /* Frameworks */ = {
			isa = PBXFrameworksBuildPhase;
			buildActionMask = 2147483647;
			files = (
				247E68A91FF2453E00617B12 /* SwipeTransition.framework in Frameworks */,
				2467A8151FEFDF7C007A7AC9 /* AutoSwipeToDismiss.framework in Frameworks */,
				2467A7F01FEFD3A1007A7AC9 /* AutoSwipeBack.framework in Frameworks */,
			);
			runOnlyForDeploymentPostprocessing = 0;
		};
		2467A7F71FEFDA2B007A7AC9 /* Frameworks */ = {
			isa = PBXFrameworksBuildPhase;
			buildActionMask = 2147483647;
			files = (
				247E68A81FF2452100617B12 /* SwipeTransition.framework in Frameworks */,
			);
			runOnlyForDeploymentPostprocessing = 0;
		};
/* End PBXFrameworksBuildPhase section */

/* Begin PBXGroup section */
		241A24981FF7375300347055 /* Tests */ = {
			isa = PBXGroup;
			children = (
				241A24991FF7375300347055 /* SwipeBackContextTests.swift */,
				241A249B1FF7375300347055 /* Info.plist */,
				241A24A41FF7BC8000347055 /* TestablePanGestureRecognizer.swift */,
				2463FF182046914C005C77C4 /* SwipeToDismissTests.swift */,
				24CD1BCC2154E4CC0065244F /* ObjectiveCSupportTests.m */,
				24CD1BCB2154E4CC0065244F /* SwipeTransitionTests-Bridging-Header.h */,
			);
			path = Tests;
			sourceTree = "<group>";
		};
		241BA6BC1FEC271B002E8902 = {
			isa = PBXGroup;
			children = (
				241BA6C81FEC271B002E8902 /* Sources */,
				241BA6DA1FEC480E002E8902 /* Examples */,
				241A24981FF7375300347055 /* Tests */,
				241BA6C71FEC271B002E8902 /* Products */,
				247E68A61FF2451B00617B12 /* Frameworks */,
			);
			sourceTree = "<group>";
		};
		241BA6C71FEC271B002E8902 /* Products */ = {
			isa = PBXGroup;
			children = (
				241BA6C61FEC271B002E8902 /* SwipeTransition.framework */,
				241BA6D91FEC480E002E8902 /* Example.app */,
				2467A7B81FEF7E44007A7AC9 /* AutoSwipeBack.framework */,
				2467A7DE1FEFD393007A7AC9 /* AutoExample.app */,
				2467A7FB1FEFDA2B007A7AC9 /* AutoSwipeToDismiss.framework */,
				241A24971FF7375300347055 /* SwipeTransitionTests.xctest */,
			);
			name = Products;
			sourceTree = "<group>";
		};
		241BA6C81FEC271B002E8902 /* Sources */ = {
			isa = PBXGroup;
			children = (
				246C0B5B1FF55B170040E6BC /* Automation */,
				246C0B5C1FF55C2A0040E6BC /* SwipeTransition */,
			);
			path = Sources;
			sourceTree = "<group>";
		};
		241BA6DA1FEC480E002E8902 /* Examples */ = {
			isa = PBXGroup;
			children = (
				246C0B5A1FF559EE0040E6BC /* Example */,
				2467A7DF1FEFD393007A7AC9 /* AutoExample */,
			);
			path = Examples;
			sourceTree = "<group>";
		};
		2467A7AD1FEE52A4007A7AC9 /* SwipeBack */ = {
			isa = PBXGroup;
			children = (
				241BA6ED1FECCDA8002E8902 /* SwipeBackExtensions.swift */,
				241BA6D11FEC2730002E8902 /* SwipeBackController.swift */,
				247E68AF1FF3466300617B12 /* SwipeBackContext.swift */,
				241BA6FA1FED07F1002E8902 /* SwipeBackConfiguration.swift */,
				241BA6F81FECF03D002E8902 /* SwipeBackNavigationController.swift */,
				241BA6D31FEC2778002E8902 /* SwipeBackAnimator.swift */,
			);
			path = SwipeBack;
			sourceTree = "<group>";
		};
		2467A7AE1FEE52BF007A7AC9 /* SwipeToDismiss */ = {
			isa = PBXGroup;
			children = (
				2467A7A31FED5967007A7AC9 /* SwipeToDismissExtensions.swift */,
				2403091020121CB60021F2D2 /* SwipeToDismissController.swift */,
				24030912201220AA0021F2D2 /* SwipeToDismissContext.swift */,
				2467A7A71FEE2A0D007A7AC9 /* SwipeToDismissConfiguration.swift */,
				2467A7AF1FEE5886007A7AC9 /* SwipeToDismissNavigationController.swift */,
				24030914201221D10021F2D2 /* DismissAnimator.swift */,
			);
			path = SwipeToDismiss;
			sourceTree = "<group>";
		};
		2467A7B91FEF7E44007A7AC9 /* AutoSwipeBack */ = {
			isa = PBXGroup;
			children = (
				2467A7BA1FEF7E44007A7AC9 /* AutoSwipeBack.h */,
				2467A7BB1FEF7E44007A7AC9 /* Info.plist */,
				2467A7D81FEF8ABD007A7AC9 /* UINavigationController+AutoSwipeBack.h */,
				2467A7C41FEF7F41007A7AC9 /* UINavigationController+AutoSwipeBack.m */,
			);
			path = AutoSwipeBack;
			sourceTree = "<group>";
		};
		2467A7DF1FEFD393007A7AC9 /* AutoExample */ = {
			isa = PBXGroup;
			children = (
				2467A7E01FEFD393007A7AC9 /* AppDelegate.swift */,
				2467A7E21FEFD393007A7AC9 /* PushTopVC.swift */,
				2467A7E41FEFD393007A7AC9 /* Main.storyboard */,
				2467A7E71FEFD393007A7AC9 /* Assets.xcassets */,
				2467A7E91FEFD393007A7AC9 /* LaunchScreen.storyboard */,
				2467A7EC1FEFD393007A7AC9 /* Info.plist */,
			);
			path = AutoExample;
			sourceTree = "<group>";
		};
		2467A7FC1FEFDA2B007A7AC9 /* AutoSwipeToDismiss */ = {
			isa = PBXGroup;
			children = (
				2467A7FD1FEFDA2B007A7AC9 /* AutoSwipeToDismiss.h */,
				2467A7FE1FEFDA2B007A7AC9 /* Info.plist */,
				2467A8111FEFDA64007A7AC9 /* UINavigationController+AutoSwipeToDismiss.h */,
				2467A8131FEFDA79007A7AC9 /* UINavigationController+AutoSwipeToDismiss.m */,
			);
			path = AutoSwipeToDismiss;
			sourceTree = "<group>";
		};
		246C0B5A1FF559EE0040E6BC /* Example */ = {
			isa = PBXGroup;
			children = (
				241BA6DB1FEC480E002E8902 /* AppDelegate.swift */,
				241BA6DD1FEC480E002E8902 /* ViewController.swift */,
				241BA6DF1FEC480E002E8902 /* Main.storyboard */,
				241BA6E21FEC480E002E8902 /* Assets.xcassets */,
				241BA6E41FEC480E002E8902 /* LaunchScreen.storyboard */,
				241BA6E71FEC480E002E8902 /* Info.plist */,
			);
			path = Example;
			sourceTree = "<group>";
		};
		246C0B5B1FF55B170040E6BC /* Automation */ = {
			isa = PBXGroup;
			children = (
				2467A7B91FEF7E44007A7AC9 /* AutoSwipeBack */,
				2467A7FC1FEFDA2B007A7AC9 /* AutoSwipeToDismiss */,
			);
			path = Automation;
			sourceTree = "<group>";
		};
		246C0B5C1FF55C2A0040E6BC /* SwipeTransition */ = {
			isa = PBXGroup;
			children = (
				241BA6C91FEC271B002E8902 /* SwipeTransition.h */,
				241BA6CA1FEC271B002E8902 /* Info.plist */,
				2467A7AD1FEE52A4007A7AC9 /* SwipeBack */,
				2467A7AE1FEE52BF007A7AC9 /* SwipeToDismiss */,
				24914076203B39B300D3E4CD /* Context.swift */,
				24914078203B475500D3E4CD /* TransitionHandleable.swift */,
				241BA6EB1FECC571002E8902 /* InteractiveTransition.swift */,
				2467A79F1FED4DEF007A7AC9 /* DelegateProxy.h */,
				2467A7A01FED4E43007A7AC9 /* DelegateProxy.m */,
				247E68A21FF2348600617B12 /* DelegateProxy.swift */,
				2467A7C61FEF8938007A7AC9 /* AssocKey.swift */,
				241A87AB2018367C00009390 /* OneFingerDirectionalPanGestureRecognizer.swift */,
			);
			path = SwipeTransition;
			sourceTree = "<group>";
		};
		247E68A61FF2451B00617B12 /* Frameworks */ = {
			isa = PBXGroup;
			children = (
			);
			name = Frameworks;
			sourceTree = "<group>";
		};
/* End PBXGroup section */

/* Begin PBXHeadersBuildPhase section */
		241BA6C31FEC271B002E8902 /* Headers */ = {
			isa = PBXHeadersBuildPhase;
			buildActionMask = 2147483647;
			files = (
				2467A7A21FED4EA5007A7AC9 /* DelegateProxy.h in Headers */,
				241BA6CB1FEC271B002E8902 /* SwipeTransition.h in Headers */,
			);
			runOnlyForDeploymentPostprocessing = 0;
		};
		2467A7B51FEF7E44007A7AC9 /* Headers */ = {
			isa = PBXHeadersBuildPhase;
			buildActionMask = 2147483647;
			files = (
				2467A7D91FEF8ABD007A7AC9 /* UINavigationController+AutoSwipeBack.h in Headers */,
				2467A7BC1FEF7E44007A7AC9 /* AutoSwipeBack.h in Headers */,
			);
			runOnlyForDeploymentPostprocessing = 0;
		};
		2467A7F81FEFDA2B007A7AC9 /* Headers */ = {
			isa = PBXHeadersBuildPhase;
			buildActionMask = 2147483647;
			files = (
				2467A8121FEFDA64007A7AC9 /* UINavigationController+AutoSwipeToDismiss.h in Headers */,
				2467A7FF1FEFDA2B007A7AC9 /* AutoSwipeToDismiss.h in Headers */,
			);
			runOnlyForDeploymentPostprocessing = 0;
		};
/* End PBXHeadersBuildPhase section */

/* Begin PBXNativeTarget section */
		241A24961FF7375300347055 /* SwipeTransitionTests */ = {
			isa = PBXNativeTarget;
			buildConfigurationList = 241A24A11FF7375300347055 /* Build configuration list for PBXNativeTarget "SwipeTransitionTests" */;
			buildPhases = (
				241A24931FF7375300347055 /* Sources */,
				241A24941FF7375300347055 /* Frameworks */,
				241A24951FF7375300347055 /* Resources */,
			);
			buildRules = (
			);
			dependencies = (
				241A249E1FF7375300347055 /* PBXTargetDependency */,
				241A24A31FF7383500347055 /* PBXTargetDependency */,
			);
			name = SwipeTransitionTests;
			productName = SwipeTransitionTests;
			productReference = 241A24971FF7375300347055 /* SwipeTransitionTests.xctest */;
			productType = "com.apple.product-type.bundle.unit-test";
		};
		241BA6C51FEC271B002E8902 /* SwipeTransition */ = {
			isa = PBXNativeTarget;
			buildConfigurationList = 241BA6CE1FEC271B002E8902 /* Build configuration list for PBXNativeTarget "SwipeTransition" */;
			buildPhases = (
				241BA6C11FEC271B002E8902 /* Sources */,
				241BA6C21FEC271B002E8902 /* Frameworks */,
				241BA6C31FEC271B002E8902 /* Headers */,
				241BA6C41FEC271B002E8902 /* Resources */,
				241A24A61FF9234300347055 /* Run Script - SwiftLint */,
			);
			buildRules = (
			);
			dependencies = (
			);
			name = SwipeTransition;
			productName = BackSwipeable;
			productReference = 241BA6C61FEC271B002E8902 /* SwipeTransition.framework */;
			productType = "com.apple.product-type.framework";
		};
		241BA6D81FEC480E002E8902 /* Example */ = {
			isa = PBXNativeTarget;
			buildConfigurationList = 241BA6E81FEC480E002E8902 /* Build configuration list for PBXNativeTarget "Example" */;
			buildPhases = (
				241BA6D51FEC480E002E8902 /* Sources */,
				241BA6D61FEC480E002E8902 /* Frameworks */,
				241BA6D71FEC480E002E8902 /* Resources */,
				241BA6F31FECDA8A002E8902 /* Embed Frameworks */,
			);
			buildRules = (
			);
			dependencies = (
				241BA6F21FECDA8A002E8902 /* PBXTargetDependency */,
			);
			name = Example;
			productName = Example;
			productReference = 241BA6D91FEC480E002E8902 /* Example.app */;
			productType = "com.apple.product-type.application";
		};
		2467A7B71FEF7E44007A7AC9 /* AutoSwipeBack */ = {
			isa = PBXNativeTarget;
			buildConfigurationList = 2467A7C11FEF7E44007A7AC9 /* Build configuration list for PBXNativeTarget "AutoSwipeBack" */;
			buildPhases = (
				2467A7B31FEF7E44007A7AC9 /* Sources */,
				2467A7B41FEF7E44007A7AC9 /* Frameworks */,
				2467A7B51FEF7E44007A7AC9 /* Headers */,
				2467A7B61FEF7E44007A7AC9 /* Resources */,
				241A24A71FF9236A00347055 /* Run Script - SwiftLint */,
			);
			buildRules = (
			);
			dependencies = (
			);
			name = AutoSwipeBack;
			productName = AutoSwipeTransition;
			productReference = 2467A7B81FEF7E44007A7AC9 /* AutoSwipeBack.framework */;
			productType = "com.apple.product-type.framework";
		};
		2467A7DD1FEFD393007A7AC9 /* AutoExample */ = {
			isa = PBXNativeTarget;
			buildConfigurationList = 2467A7ED1FEFD393007A7AC9 /* Build configuration list for PBXNativeTarget "AutoExample" */;
			buildPhases = (
				2467A7DA1FEFD393007A7AC9 /* Sources */,
				2467A7DB1FEFD393007A7AC9 /* Frameworks */,
				2467A7DC1FEFD393007A7AC9 /* Resources */,
				2467A7F41FEFD3A1007A7AC9 /* Embed Frameworks */,
			);
			buildRules = (
			);
			dependencies = (
				2467A7F31FEFD3A1007A7AC9 /* PBXTargetDependency */,
				2467A8181FEFDF7C007A7AC9 /* PBXTargetDependency */,
				247E68AC1FF2453E00617B12 /* PBXTargetDependency */,
			);
			name = AutoExample;
			productName = AutoExample;
			productReference = 2467A7DE1FEFD393007A7AC9 /* AutoExample.app */;
			productType = "com.apple.product-type.application";
		};
		2467A7FA1FEFDA2B007A7AC9 /* AutoSwipeToDismiss */ = {
			isa = PBXNativeTarget;
			buildConfigurationList = 2467A8041FEFDA2B007A7AC9 /* Build configuration list for PBXNativeTarget "AutoSwipeToDismiss" */;
			buildPhases = (
				2467A7F61FEFDA2B007A7AC9 /* Sources */,
				2467A7F71FEFDA2B007A7AC9 /* Frameworks */,
				2467A7F81FEFDA2B007A7AC9 /* Headers */,
				2467A7F91FEFDA2B007A7AC9 /* Resources */,
				241A24A81FF9237B00347055 /* Run Script - SwiftLint */,
			);
			buildRules = (
			);
			dependencies = (
			);
			name = AutoSwipeToDismiss;
			productName = AutoSwipeToDismiss;
			productReference = 2467A7FB1FEFDA2B007A7AC9 /* AutoSwipeToDismiss.framework */;
			productType = "com.apple.product-type.framework";
		};
/* End PBXNativeTarget section */

/* Begin PBXProject section */
		241BA6BD1FEC271B002E8902 /* Project object */ = {
			isa = PBXProject;
			attributes = {
				LastSwiftUpdateCheck = 0920;
				LastUpgradeCheck = 1000;
				ORGANIZATIONNAME = tattn;
				TargetAttributes = {
					241A24961FF7375300347055 = {
						CreatedOnToolsVersion = 9.2;
						LastSwiftMigration = 1000;
						ProvisioningStyle = Automatic;
					};
					241BA6C51FEC271B002E8902 = {
						CreatedOnToolsVersion = 9.2;
						LastSwiftMigration = 1000;
						ProvisioningStyle = Automatic;
					};
					241BA6D81FEC480E002E8902 = {
						CreatedOnToolsVersion = 9.2;
						LastSwiftMigration = 1000;
						ProvisioningStyle = Automatic;
					};
					2467A7B71FEF7E44007A7AC9 = {
						CreatedOnToolsVersion = 9.2;
						ProvisioningStyle = Automatic;
					};
					2467A7DD1FEFD393007A7AC9 = {
						CreatedOnToolsVersion = 9.2;
						ProvisioningStyle = Automatic;
					};
					2467A7FA1FEFDA2B007A7AC9 = {
						CreatedOnToolsVersion = 9.2;
						ProvisioningStyle = Automatic;
					};
				};
			};
			buildConfigurationList = 241BA6C01FEC271B002E8902 /* Build configuration list for PBXProject "SwipeTransition" */;
			compatibilityVersion = "Xcode 8.0";
			developmentRegion = en;
			hasScannedForEncodings = 0;
			knownRegions = (
				en,
				Base,
			);
			mainGroup = 241BA6BC1FEC271B002E8902;
			productRefGroup = 241BA6C71FEC271B002E8902 /* Products */;
			projectDirPath = "";
			projectRoot = "";
			targets = (
				241BA6C51FEC271B002E8902 /* SwipeTransition */,
				241BA6D81FEC480E002E8902 /* Example */,
				2467A7B71FEF7E44007A7AC9 /* AutoSwipeBack */,
				2467A7FA1FEFDA2B007A7AC9 /* AutoSwipeToDismiss */,
				2467A7DD1FEFD393007A7AC9 /* AutoExample */,
				241A24961FF7375300347055 /* SwipeTransitionTests */,
			);
		};
/* End PBXProject section */

/* Begin PBXResourcesBuildPhase section */
		241A24951FF7375300347055 /* Resources */ = {
			isa = PBXResourcesBuildPhase;
			buildActionMask = 2147483647;
			files = (
			);
			runOnlyForDeploymentPostprocessing = 0;
		};
		241BA6C41FEC271B002E8902 /* Resources */ = {
			isa = PBXResourcesBuildPhase;
			buildActionMask = 2147483647;
			files = (
			);
			runOnlyForDeploymentPostprocessing = 0;
		};
		241BA6D71FEC480E002E8902 /* Resources */ = {
			isa = PBXResourcesBuildPhase;
			buildActionMask = 2147483647;
			files = (
				241BA6E61FEC480E002E8902 /* LaunchScreen.storyboard in Resources */,
				241BA6E31FEC480E002E8902 /* Assets.xcassets in Resources */,
				241BA6E11FEC480E002E8902 /* Main.storyboard in Resources */,
			);
			runOnlyForDeploymentPostprocessing = 0;
		};
		2467A7B61FEF7E44007A7AC9 /* Resources */ = {
			isa = PBXResourcesBuildPhase;
			buildActionMask = 2147483647;
			files = (
			);
			runOnlyForDeploymentPostprocessing = 0;
		};
		2467A7DC1FEFD393007A7AC9 /* Resources */ = {
			isa = PBXResourcesBuildPhase;
			buildActionMask = 2147483647;
			files = (
				2467A7EB1FEFD393007A7AC9 /* LaunchScreen.storyboard in Resources */,
				2467A7E81FEFD393007A7AC9 /* Assets.xcassets in Resources */,
				2467A7E61FEFD393007A7AC9 /* Main.storyboard in Resources */,
			);
			runOnlyForDeploymentPostprocessing = 0;
		};
		2467A7F91FEFDA2B007A7AC9 /* Resources */ = {
			isa = PBXResourcesBuildPhase;
			buildActionMask = 2147483647;
			files = (
			);
			runOnlyForDeploymentPostprocessing = 0;
		};
/* End PBXResourcesBuildPhase section */

/* Begin PBXShellScriptBuildPhase section */
		241A24A61FF9234300347055 /* Run Script - SwiftLint */ = {
			isa = PBXShellScriptBuildPhase;
			buildActionMask = 2147483647;
			files = (
			);
			inputPaths = (
			);
			name = "Run Script - SwiftLint";
			outputPaths = (
			);
			runOnlyForDeploymentPostprocessing = 0;
			shellPath = /bin/sh;
			shellScript = "if [ \"$CONFIGURATION\" == \"Debug\" ]; then\n    if which swiftlint >/dev/null; then\n        swiftlint\n    else\n        echo \"warning: SwiftLint not installed, download from https://github.com/realm/SwiftLint\"\n    fi\nfi";
		};
		241A24A71FF9236A00347055 /* Run Script - SwiftLint */ = {
			isa = PBXShellScriptBuildPhase;
			buildActionMask = 2147483647;
			files = (
			);
			inputPaths = (
			);
			name = "Run Script - SwiftLint";
			outputPaths = (
			);
			runOnlyForDeploymentPostprocessing = 0;
			shellPath = /bin/sh;
			shellScript = "if [ \"$CONFIGURATION\" == \"Debug\" ]; then\n    if which swiftlint >/dev/null; then\n    swiftlint\n    else\n        echo \"warning: SwiftLint not installed, download from https://github.com/realm/SwiftLint\"\n    fi\nfi";
		};
		241A24A81FF9237B00347055 /* Run Script - SwiftLint */ = {
			isa = PBXShellScriptBuildPhase;
			buildActionMask = 2147483647;
			files = (
			);
			inputPaths = (
			);
			name = "Run Script - SwiftLint";
			outputPaths = (
			);
			runOnlyForDeploymentPostprocessing = 0;
			shellPath = /bin/sh;
			shellScript = "if [ \"$CONFIGURATION\" == \"Debug\" ]; then\n    if which swiftlint >/dev/null; then\n        swiftlint\n    else\n        echo \"warning: SwiftLint not installed, download from https://github.com/realm/SwiftLint\"\n    fi\nfi";
		};
/* End PBXShellScriptBuildPhase section */

/* Begin PBXSourcesBuildPhase section */
		241A24931FF7375300347055 /* Sources */ = {
			isa = PBXSourcesBuildPhase;
			buildActionMask = 2147483647;
			files = (
				241A249A1FF7375300347055 /* SwipeBackContextTests.swift in Sources */,
				24CD1BCD2154E4CC0065244F /* ObjectiveCSupportTests.m in Sources */,
				2463FF192046914C005C77C4 /* SwipeToDismissTests.swift in Sources */,
				241A24A51FF7BC8000347055 /* TestablePanGestureRecognizer.swift in Sources */,
			);
			runOnlyForDeploymentPostprocessing = 0;
		};
		241BA6C11FEC271B002E8902 /* Sources */ = {
			isa = PBXSourcesBuildPhase;
			buildActionMask = 2147483647;
			files = (
				241BA6FB1FED07F1002E8902 /* SwipeBackConfiguration.swift in Sources */,
				241BA6EC1FECC571002E8902 /* InteractiveTransition.swift in Sources */,
				241A87AC2018367C00009390 /* OneFingerDirectionalPanGestureRecognizer.swift in Sources */,
				241BA6D41FEC2778002E8902 /* SwipeBackAnimator.swift in Sources */,
				24030913201220AA0021F2D2 /* SwipeToDismissContext.swift in Sources */,
				2403091120121CB60021F2D2 /* SwipeToDismissController.swift in Sources */,
				2467A7A11FED4E43007A7AC9 /* DelegateProxy.m in Sources */,
				24030915201221D10021F2D2 /* DismissAnimator.swift in Sources */,
				241BA6F91FECF03D002E8902 /* SwipeBackNavigationController.swift in Sources */,
				241BA6EE1FECCDA8002E8902 /* SwipeBackExtensions.swift in Sources */,
				24914079203B475500D3E4CD /* TransitionHandleable.swift in Sources */,
				2467A7A41FED5967007A7AC9 /* SwipeToDismissExtensions.swift in Sources */,
				2467A7A81FEE2A0D007A7AC9 /* SwipeToDismissConfiguration.swift in Sources */,
				247E68A31FF2348600617B12 /* DelegateProxy.swift in Sources */,
				241BA6D21FEC2730002E8902 /* SwipeBackController.swift in Sources */,
				2467A7C71FEF8938007A7AC9 /* AssocKey.swift in Sources */,
				24914077203B39B300D3E4CD /* Context.swift in Sources */,
				2467A7B01FEE5886007A7AC9 /* SwipeToDismissNavigationController.swift in Sources */,
				247E68B01FF3466300617B12 /* SwipeBackContext.swift in Sources */,
			);
			runOnlyForDeploymentPostprocessing = 0;
		};
		241BA6D51FEC480E002E8902 /* Sources */ = {
			isa = PBXSourcesBuildPhase;
			buildActionMask = 2147483647;
			files = (
				241BA6DE1FEC480E002E8902 /* ViewController.swift in Sources */,
				241BA6DC1FEC480E002E8902 /* AppDelegate.swift in Sources */,
			);
			runOnlyForDeploymentPostprocessing = 0;
		};
		2467A7B31FEF7E44007A7AC9 /* Sources */ = {
			isa = PBXSourcesBuildPhase;
			buildActionMask = 2147483647;
			files = (
				2467A7C51FEF7F41007A7AC9 /* UINavigationController+AutoSwipeBack.m in Sources */,
				2467A7D71FEF8A06007A7AC9 /* AssocKey.swift in Sources */,
			);
			runOnlyForDeploymentPostprocessing = 0;
		};
		2467A7DA1FEFD393007A7AC9 /* Sources */ = {
			isa = PBXSourcesBuildPhase;
			buildActionMask = 2147483647;
			files = (
				2467A7E31FEFD393007A7AC9 /* PushTopVC.swift in Sources */,
				2467A7E11FEFD393007A7AC9 /* AppDelegate.swift in Sources */,
			);
			runOnlyForDeploymentPostprocessing = 0;
		};
		2467A7F61FEFDA2B007A7AC9 /* Sources */ = {
			isa = PBXSourcesBuildPhase;
			buildActionMask = 2147483647;
			files = (
				2467A8141FEFDA79007A7AC9 /* UINavigationController+AutoSwipeToDismiss.m in Sources */,
				2467A8101FEFDA44007A7AC9 /* AssocKey.swift in Sources */,
			);
			runOnlyForDeploymentPostprocessing = 0;
		};
/* End PBXSourcesBuildPhase section */

/* Begin PBXTargetDependency section */
		241A249E1FF7375300347055 /* PBXTargetDependency */ = {
			isa = PBXTargetDependency;
			target = 241BA6C51FEC271B002E8902 /* SwipeTransition */;
			targetProxy = 241A249D1FF7375300347055 /* PBXContainerItemProxy */;
		};
		241A24A31FF7383500347055 /* PBXTargetDependency */ = {
			isa = PBXTargetDependency;
			target = 241BA6D81FEC480E002E8902 /* Example */;
			targetProxy = 241A24A21FF7383500347055 /* PBXContainerItemProxy */;
		};
		241BA6F21FECDA8A002E8902 /* PBXTargetDependency */ = {
			isa = PBXTargetDependency;
			target = 241BA6C51FEC271B002E8902 /* SwipeTransition */;
			targetProxy = 241BA6F11FECDA8A002E8902 /* PBXContainerItemProxy */;
		};
		2467A7F31FEFD3A1007A7AC9 /* PBXTargetDependency */ = {
			isa = PBXTargetDependency;
			target = 2467A7B71FEF7E44007A7AC9 /* AutoSwipeBack */;
			targetProxy = 2467A7F21FEFD3A1007A7AC9 /* PBXContainerItemProxy */;
		};
		2467A8181FEFDF7C007A7AC9 /* PBXTargetDependency */ = {
			isa = PBXTargetDependency;
			target = 2467A7FA1FEFDA2B007A7AC9 /* AutoSwipeToDismiss */;
			targetProxy = 2467A8171FEFDF7C007A7AC9 /* PBXContainerItemProxy */;
		};
		247E68AC1FF2453E00617B12 /* PBXTargetDependency */ = {
			isa = PBXTargetDependency;
			target = 241BA6C51FEC271B002E8902 /* SwipeTransition */;
			targetProxy = 247E68AB1FF2453E00617B12 /* PBXContainerItemProxy */;
		};
/* End PBXTargetDependency section */

/* Begin PBXVariantGroup section */
		241BA6DF1FEC480E002E8902 /* Main.storyboard */ = {
			isa = PBXVariantGroup;
			children = (
				241BA6E01FEC480E002E8902 /* Base */,
			);
			name = Main.storyboard;
			sourceTree = "<group>";
		};
		241BA6E41FEC480E002E8902 /* LaunchScreen.storyboard */ = {
			isa = PBXVariantGroup;
			children = (
				241BA6E51FEC480E002E8902 /* Base */,
			);
			name = LaunchScreen.storyboard;
			sourceTree = "<group>";
		};
		2467A7E41FEFD393007A7AC9 /* Main.storyboard */ = {
			isa = PBXVariantGroup;
			children = (
				2467A7E51FEFD393007A7AC9 /* Base */,
			);
			name = Main.storyboard;
			sourceTree = "<group>";
		};
		2467A7E91FEFD393007A7AC9 /* LaunchScreen.storyboard */ = {
			isa = PBXVariantGroup;
			children = (
				2467A7EA1FEFD393007A7AC9 /* Base */,
			);
			name = LaunchScreen.storyboard;
			sourceTree = "<group>";
		};
/* End PBXVariantGroup section */

/* Begin XCBuildConfiguration section */
		241A249F1FF7375300347055 /* Debug */ = {
			isa = XCBuildConfiguration;
			buildSettings = {
				CLANG_ENABLE_MODULES = YES;
				CODE_SIGN_STYLE = Automatic;
				DEVELOPMENT_TEAM = PN7U9JJPAS;
				INFOPLIST_FILE = Tests/Info.plist;
				IPHONEOS_DEPLOYMENT_TARGET = 11.2;
				LD_RUNPATH_SEARCH_PATHS = "$(inherited) @executable_path/Frameworks @loader_path/Frameworks";
				PRODUCT_BUNDLE_IDENTIFIER = com.github.tattn.SwipeTransitionTests;
				PRODUCT_NAME = "$(TARGET_NAME)";
				SWIFT_OBJC_BRIDGING_HEADER = "Tests/SwipeTransitionTests-Bridging-Header.h";
				SWIFT_OPTIMIZATION_LEVEL = "-Onone";
				TARGETED_DEVICE_FAMILY = "1,2";
			};
			name = Debug;
		};
		241A24A01FF7375300347055 /* Release */ = {
			isa = XCBuildConfiguration;
			buildSettings = {
				CLANG_ENABLE_MODULES = YES;
				CODE_SIGN_STYLE = Automatic;
				DEVELOPMENT_TEAM = PN7U9JJPAS;
				INFOPLIST_FILE = Tests/Info.plist;
				IPHONEOS_DEPLOYMENT_TARGET = 11.2;
				LD_RUNPATH_SEARCH_PATHS = "$(inherited) @executable_path/Frameworks @loader_path/Frameworks";
				PRODUCT_BUNDLE_IDENTIFIER = com.github.tattn.SwipeTransitionTests;
				PRODUCT_NAME = "$(TARGET_NAME)";
				SWIFT_OBJC_BRIDGING_HEADER = "Tests/SwipeTransitionTests-Bridging-Header.h";
				TARGETED_DEVICE_FAMILY = "1,2";
			};
			name = Release;
		};
		241BA6CC1FEC271B002E8902 /* Debug */ = {
			isa = XCBuildConfiguration;
			buildSettings = {
				ALWAYS_SEARCH_USER_PATHS = NO;
				CLANG_ANALYZER_NONNULL = YES;
				CLANG_ANALYZER_NUMBER_OBJECT_CONVERSION = YES_AGGRESSIVE;
				CLANG_CXX_LANGUAGE_STANDARD = "gnu++14";
				CLANG_CXX_LIBRARY = "libc++";
				CLANG_ENABLE_MODULES = YES;
				CLANG_ENABLE_OBJC_ARC = YES;
				CLANG_WARN_BLOCK_CAPTURE_AUTORELEASING = YES;
				CLANG_WARN_BOOL_CONVERSION = YES;
				CLANG_WARN_COMMA = YES;
				CLANG_WARN_CONSTANT_CONVERSION = YES;
				CLANG_WARN_DEPRECATED_OBJC_IMPLEMENTATIONS = YES;
				CLANG_WARN_DIRECT_OBJC_ISA_USAGE = YES_ERROR;
				CLANG_WARN_DOCUMENTATION_COMMENTS = YES;
				CLANG_WARN_EMPTY_BODY = YES;
				CLANG_WARN_ENUM_CONVERSION = YES;
				CLANG_WARN_INFINITE_RECURSION = YES;
				CLANG_WARN_INT_CONVERSION = YES;
				CLANG_WARN_NON_LITERAL_NULL_CONVERSION = YES;
				CLANG_WARN_OBJC_IMPLICIT_RETAIN_SELF = YES;
				CLANG_WARN_OBJC_LITERAL_CONVERSION = YES;
				CLANG_WARN_OBJC_ROOT_CLASS = YES_ERROR;
				CLANG_WARN_RANGE_LOOP_ANALYSIS = YES;
				CLANG_WARN_STRICT_PROTOTYPES = YES;
				CLANG_WARN_SUSPICIOUS_MOVE = YES;
				CLANG_WARN_UNGUARDED_AVAILABILITY = YES_AGGRESSIVE;
				CLANG_WARN_UNREACHABLE_CODE = YES;
				CLANG_WARN__DUPLICATE_METHOD_MATCH = YES;
				CODE_SIGN_IDENTITY = "iPhone Developer";
				COPY_PHASE_STRIP = NO;
				CURRENT_PROJECT_VERSION = 1;
				DEBUG_INFORMATION_FORMAT = dwarf;
				ENABLE_STRICT_OBJC_MSGSEND = YES;
				ENABLE_TESTABILITY = YES;
				GCC_C_LANGUAGE_STANDARD = gnu11;
				GCC_DYNAMIC_NO_PIC = NO;
				GCC_NO_COMMON_BLOCKS = YES;
				GCC_OPTIMIZATION_LEVEL = 0;
				GCC_PREPROCESSOR_DEFINITIONS = (
					"DEBUG=1",
					"$(inherited)",
				);
				GCC_WARN_64_TO_32_BIT_CONVERSION = YES;
				GCC_WARN_ABOUT_RETURN_TYPE = YES_ERROR;
				GCC_WARN_UNDECLARED_SELECTOR = YES;
				GCC_WARN_UNINITIALIZED_AUTOS = YES_AGGRESSIVE;
				GCC_WARN_UNUSED_FUNCTION = YES;
				GCC_WARN_UNUSED_VARIABLE = YES;
				IPHONEOS_DEPLOYMENT_TARGET = 8.0;
				MTL_ENABLE_DEBUG_INFO = YES;
				ONLY_ACTIVE_ARCH = YES;
				SDKROOT = iphoneos;
				SWIFT_ACTIVE_COMPILATION_CONDITIONS = DEBUG;
				SWIFT_OPTIMIZATION_LEVEL = "-Onone";
				SWIFT_VERSION = 4.2;
				VERSIONING_SYSTEM = "apple-generic";
				VERSION_INFO_PREFIX = "";
			};
			name = Debug;
		};
		241BA6CD1FEC271B002E8902 /* Release */ = {
			isa = XCBuildConfiguration;
			buildSettings = {
				ALWAYS_SEARCH_USER_PATHS = NO;
				CLANG_ANALYZER_NONNULL = YES;
				CLANG_ANALYZER_NUMBER_OBJECT_CONVERSION = YES_AGGRESSIVE;
				CLANG_CXX_LANGUAGE_STANDARD = "gnu++14";
				CLANG_CXX_LIBRARY = "libc++";
				CLANG_ENABLE_MODULES = YES;
				CLANG_ENABLE_OBJC_ARC = YES;
				CLANG_WARN_BLOCK_CAPTURE_AUTORELEASING = YES;
				CLANG_WARN_BOOL_CONVERSION = YES;
				CLANG_WARN_COMMA = YES;
				CLANG_WARN_CONSTANT_CONVERSION = YES;
				CLANG_WARN_DEPRECATED_OBJC_IMPLEMENTATIONS = YES;
				CLANG_WARN_DIRECT_OBJC_ISA_USAGE = YES_ERROR;
				CLANG_WARN_DOCUMENTATION_COMMENTS = YES;
				CLANG_WARN_EMPTY_BODY = YES;
				CLANG_WARN_ENUM_CONVERSION = YES;
				CLANG_WARN_INFINITE_RECURSION = YES;
				CLANG_WARN_INT_CONVERSION = YES;
				CLANG_WARN_NON_LITERAL_NULL_CONVERSION = YES;
				CLANG_WARN_OBJC_IMPLICIT_RETAIN_SELF = YES;
				CLANG_WARN_OBJC_LITERAL_CONVERSION = YES;
				CLANG_WARN_OBJC_ROOT_CLASS = YES_ERROR;
				CLANG_WARN_RANGE_LOOP_ANALYSIS = YES;
				CLANG_WARN_STRICT_PROTOTYPES = YES;
				CLANG_WARN_SUSPICIOUS_MOVE = YES;
				CLANG_WARN_UNGUARDED_AVAILABILITY = YES_AGGRESSIVE;
				CLANG_WARN_UNREACHABLE_CODE = YES;
				CLANG_WARN__DUPLICATE_METHOD_MATCH = YES;
				CODE_SIGN_IDENTITY = "iPhone Developer";
				COPY_PHASE_STRIP = NO;
				CURRENT_PROJECT_VERSION = 1;
				DEBUG_INFORMATION_FORMAT = "dwarf-with-dsym";
				ENABLE_NS_ASSERTIONS = NO;
				ENABLE_STRICT_OBJC_MSGSEND = YES;
				GCC_C_LANGUAGE_STANDARD = gnu11;
				GCC_NO_COMMON_BLOCKS = YES;
				GCC_WARN_64_TO_32_BIT_CONVERSION = YES;
				GCC_WARN_ABOUT_RETURN_TYPE = YES_ERROR;
				GCC_WARN_UNDECLARED_SELECTOR = YES;
				GCC_WARN_UNINITIALIZED_AUTOS = YES_AGGRESSIVE;
				GCC_WARN_UNUSED_FUNCTION = YES;
				GCC_WARN_UNUSED_VARIABLE = YES;
				IPHONEOS_DEPLOYMENT_TARGET = 8.0;
				MTL_ENABLE_DEBUG_INFO = NO;
				SDKROOT = iphoneos;
				SWIFT_OPTIMIZATION_LEVEL = "-Owholemodule";
				SWIFT_VERSION = 4.2;
				VALIDATE_PRODUCT = YES;
				VERSIONING_SYSTEM = "apple-generic";
				VERSION_INFO_PREFIX = "";
			};
			name = Release;
		};
		241BA6CF1FEC271B002E8902 /* Debug */ = {
			isa = XCBuildConfiguration;
			buildSettings = {
				CLANG_ENABLE_MODULES = YES;
				CODE_SIGN_IDENTITY = "";
				CODE_SIGN_STYLE = Automatic;
				DEFINES_MODULE = YES;
				DEVELOPMENT_TEAM = PN7U9JJPAS;
				DYLIB_COMPATIBILITY_VERSION = 1;
				DYLIB_CURRENT_VERSION = 1;
				DYLIB_INSTALL_NAME_BASE = "@rpath";
				INFOPLIST_FILE = "$(SRCROOT)/Sources/SwipeTransition/Info.plist";
				INSTALL_PATH = "$(LOCAL_LIBRARY_DIR)/Frameworks";
				LD_RUNPATH_SEARCH_PATHS = "$(inherited) @executable_path/Frameworks @loader_path/Frameworks";
				PRODUCT_BUNDLE_IDENTIFIER = com.github.tattn.SwipeTransition;
				PRODUCT_NAME = "$(TARGET_NAME:c99extidentifier)";
				SKIP_INSTALL = YES;
				SWIFT_OPTIMIZATION_LEVEL = "-Onone";
				TARGETED_DEVICE_FAMILY = "1,2";
			};
			name = Debug;
		};
		241BA6D01FEC271B002E8902 /* Release */ = {
			isa = XCBuildConfiguration;
			buildSettings = {
				CLANG_ENABLE_MODULES = YES;
				CODE_SIGN_IDENTITY = "";
				CODE_SIGN_STYLE = Automatic;
				DEFINES_MODULE = YES;
				DEVELOPMENT_TEAM = PN7U9JJPAS;
				DYLIB_COMPATIBILITY_VERSION = 1;
				DYLIB_CURRENT_VERSION = 1;
				DYLIB_INSTALL_NAME_BASE = "@rpath";
				INFOPLIST_FILE = "$(SRCROOT)/Sources/SwipeTransition/Info.plist";
				INSTALL_PATH = "$(LOCAL_LIBRARY_DIR)/Frameworks";
				LD_RUNPATH_SEARCH_PATHS = "$(inherited) @executable_path/Frameworks @loader_path/Frameworks";
				PRODUCT_BUNDLE_IDENTIFIER = com.github.tattn.SwipeTransition;
				PRODUCT_NAME = "$(TARGET_NAME:c99extidentifier)";
				SKIP_INSTALL = YES;
				TARGETED_DEVICE_FAMILY = "1,2";
			};
			name = Release;
		};
		241BA6E91FEC480E002E8902 /* Debug */ = {
			isa = XCBuildConfiguration;
			buildSettings = {
				ALWAYS_EMBED_SWIFT_STANDARD_LIBRARIES = YES;
				ASSETCATALOG_COMPILER_APPICON_NAME = AppIcon;
				CODE_SIGN_STYLE = Automatic;
				DEVELOPMENT_TEAM = PN7U9JJPAS;
				INFOPLIST_FILE = "$(SRCROOT)/Examples/Example/Info.plist";
				IPHONEOS_DEPLOYMENT_TARGET = 9.0;
				LD_RUNPATH_SEARCH_PATHS = "$(inherited) @executable_path/Frameworks";
				PRODUCT_BUNDLE_IDENTIFIER = com.github.tattn.Example;
				PRODUCT_NAME = "$(TARGET_NAME)";
				TARGETED_DEVICE_FAMILY = "1,2";
			};
			name = Debug;
		};
		241BA6EA1FEC480E002E8902 /* Release */ = {
			isa = XCBuildConfiguration;
			buildSettings = {
				ALWAYS_EMBED_SWIFT_STANDARD_LIBRARIES = YES;
				ASSETCATALOG_COMPILER_APPICON_NAME = AppIcon;
				CODE_SIGN_STYLE = Automatic;
				DEVELOPMENT_TEAM = PN7U9JJPAS;
				INFOPLIST_FILE = "$(SRCROOT)/Examples/Example/Info.plist";
				IPHONEOS_DEPLOYMENT_TARGET = 9.0;
				LD_RUNPATH_SEARCH_PATHS = "$(inherited) @executable_path/Frameworks";
				PRODUCT_BUNDLE_IDENTIFIER = com.github.tattn.Example;
				PRODUCT_NAME = "$(TARGET_NAME)";
				TARGETED_DEVICE_FAMILY = "1,2";
			};
			name = Release;
		};
		2467A7C21FEF7E44007A7AC9 /* Debug */ = {
			isa = XCBuildConfiguration;
			buildSettings = {
				CODE_SIGN_IDENTITY = "";
				CODE_SIGN_STYLE = Automatic;
				DEFINES_MODULE = YES;
				DEVELOPMENT_TEAM = PN7U9JJPAS;
				DYLIB_COMPATIBILITY_VERSION = 1;
				DYLIB_CURRENT_VERSION = 1;
				DYLIB_INSTALL_NAME_BASE = "@rpath";
				INFOPLIST_FILE = "$(SRCROOT)/Sources/Automation/AutoSwipeBack/Info.plist";
				INSTALL_PATH = "$(LOCAL_LIBRARY_DIR)/Frameworks";
				IPHONEOS_DEPLOYMENT_TARGET = 8.0;
				LD_RUNPATH_SEARCH_PATHS = "$(inherited) @executable_path/Frameworks @loader_path/Frameworks";
				PRODUCT_BUNDLE_IDENTIFIER = com.github.tattn.AutoSwipeBack;
				PRODUCT_NAME = "$(TARGET_NAME:c99extidentifier)";
				SKIP_INSTALL = YES;
				TARGETED_DEVICE_FAMILY = "1,2";
			};
			name = Debug;
		};
		2467A7C31FEF7E44007A7AC9 /* Release */ = {
			isa = XCBuildConfiguration;
			buildSettings = {
				CODE_SIGN_IDENTITY = "";
				CODE_SIGN_STYLE = Automatic;
				DEFINES_MODULE = YES;
				DEVELOPMENT_TEAM = PN7U9JJPAS;
				DYLIB_COMPATIBILITY_VERSION = 1;
				DYLIB_CURRENT_VERSION = 1;
				DYLIB_INSTALL_NAME_BASE = "@rpath";
				INFOPLIST_FILE = "$(SRCROOT)/Sources/Automation/AutoSwipeBack/Info.plist";
				INSTALL_PATH = "$(LOCAL_LIBRARY_DIR)/Frameworks";
				IPHONEOS_DEPLOYMENT_TARGET = 8.0;
				LD_RUNPATH_SEARCH_PATHS = "$(inherited) @executable_path/Frameworks @loader_path/Frameworks";
				PRODUCT_BUNDLE_IDENTIFIER = com.github.tattn.AutoSwipeBack;
				PRODUCT_NAME = "$(TARGET_NAME:c99extidentifier)";
				SKIP_INSTALL = YES;
				TARGETED_DEVICE_FAMILY = "1,2";
			};
			name = Release;
		};
		2467A7EE1FEFD393007A7AC9 /* Debug */ = {
			isa = XCBuildConfiguration;
			buildSettings = {
				ALWAYS_EMBED_SWIFT_STANDARD_LIBRARIES = YES;
				ASSETCATALOG_COMPILER_APPICON_NAME = AppIcon;
				CODE_SIGN_STYLE = Automatic;
				DEVELOPMENT_TEAM = PN7U9JJPAS;
				INFOPLIST_FILE = "$(SRCROOT)/Examples/AutoExample/Info.plist";
				IPHONEOS_DEPLOYMENT_TARGET = 9.0;
				LD_RUNPATH_SEARCH_PATHS = "$(inherited) @executable_path/Frameworks";
				PRODUCT_BUNDLE_IDENTIFIER = com.github.tattn.AutoExample;
				PRODUCT_NAME = "$(TARGET_NAME)";
				TARGETED_DEVICE_FAMILY = "1,2";
			};
			name = Debug;
		};
		2467A7EF1FEFD393007A7AC9 /* Release */ = {
			isa = XCBuildConfiguration;
			buildSettings = {
				ALWAYS_EMBED_SWIFT_STANDARD_LIBRARIES = YES;
				ASSETCATALOG_COMPILER_APPICON_NAME = AppIcon;
				CODE_SIGN_STYLE = Automatic;
				DEVELOPMENT_TEAM = PN7U9JJPAS;
				INFOPLIST_FILE = "$(SRCROOT)/Examples/AutoExample/Info.plist";
				IPHONEOS_DEPLOYMENT_TARGET = 9.0;
				LD_RUNPATH_SEARCH_PATHS = "$(inherited) @executable_path/Frameworks";
				PRODUCT_BUNDLE_IDENTIFIER = com.github.tattn.AutoExample;
				PRODUCT_NAME = "$(TARGET_NAME)";
				TARGETED_DEVICE_FAMILY = "1,2";
			};
			name = Release;
		};
		2467A8051FEFDA2B007A7AC9 /* Debug */ = {
			isa = XCBuildConfiguration;
			buildSettings = {
				CODE_SIGN_IDENTITY = "";
				CODE_SIGN_STYLE = Automatic;
				DEFINES_MODULE = YES;
				DEVELOPMENT_TEAM = PN7U9JJPAS;
				DYLIB_COMPATIBILITY_VERSION = 1;
				DYLIB_CURRENT_VERSION = 1;
				DYLIB_INSTALL_NAME_BASE = "@rpath";
				INFOPLIST_FILE = "$(SRCROOT)/Sources/Automation/AutoSwipeToDismiss/Info.plist";
				INSTALL_PATH = "$(LOCAL_LIBRARY_DIR)/Frameworks";
				IPHONEOS_DEPLOYMENT_TARGET = 8.0;
				LD_RUNPATH_SEARCH_PATHS = "$(inherited) @executable_path/Frameworks @loader_path/Frameworks";
				PRODUCT_BUNDLE_IDENTIFIER = com.github.tattn.AutoSwipeToDismiss;
				PRODUCT_NAME = "$(TARGET_NAME:c99extidentifier)";
				SKIP_INSTALL = YES;
				TARGETED_DEVICE_FAMILY = "1,2";
			};
			name = Debug;
		};
		2467A8061FEFDA2B007A7AC9 /* Release */ = {
			isa = XCBuildConfiguration;
			buildSettings = {
				CODE_SIGN_IDENTITY = "";
				CODE_SIGN_STYLE = Automatic;
				DEFINES_MODULE = YES;
				DEVELOPMENT_TEAM = PN7U9JJPAS;
				DYLIB_COMPATIBILITY_VERSION = 1;
				DYLIB_CURRENT_VERSION = 1;
				DYLIB_INSTALL_NAME_BASE = "@rpath";
				INFOPLIST_FILE = "$(SRCROOT)/Sources/Automation/AutoSwipeToDismiss/Info.plist";
				INSTALL_PATH = "$(LOCAL_LIBRARY_DIR)/Frameworks";
				IPHONEOS_DEPLOYMENT_TARGET = 8.0;
				LD_RUNPATH_SEARCH_PATHS = "$(inherited) @executable_path/Frameworks @loader_path/Frameworks";
				PRODUCT_BUNDLE_IDENTIFIER = com.github.tattn.AutoSwipeToDismiss;
				PRODUCT_NAME = "$(TARGET_NAME:c99extidentifier)";
				SKIP_INSTALL = YES;
				TARGETED_DEVICE_FAMILY = "1,2";
			};
			name = Release;
		};
/* End XCBuildConfiguration section */

/* Begin XCConfigurationList section */
		241A24A11FF7375300347055 /* Build configuration list for PBXNativeTarget "SwipeTransitionTests" */ = {
			isa = XCConfigurationList;
			buildConfigurations = (
				241A249F1FF7375300347055 /* Debug */,
				241A24A01FF7375300347055 /* Release */,
			);
			defaultConfigurationIsVisible = 0;
			defaultConfigurationName = Release;
		};
		241BA6C01FEC271B002E8902 /* Build configuration list for PBXProject "SwipeTransition" */ = {
			isa = XCConfigurationList;
			buildConfigurations = (
				241BA6CC1FEC271B002E8902 /* Debug */,
				241BA6CD1FEC271B002E8902 /* Release */,
			);
			defaultConfigurationIsVisible = 0;
			defaultConfigurationName = Release;
		};
		241BA6CE1FEC271B002E8902 /* Build configuration list for PBXNativeTarget "SwipeTransition" */ = {
			isa = XCConfigurationList;
			buildConfigurations = (
				241BA6CF1FEC271B002E8902 /* Debug */,
				241BA6D01FEC271B002E8902 /* Release */,
			);
			defaultConfigurationIsVisible = 0;
			defaultConfigurationName = Release;
		};
		241BA6E81FEC480E002E8902 /* Build configuration list for PBXNativeTarget "Example" */ = {
			isa = XCConfigurationList;
			buildConfigurations = (
				241BA6E91FEC480E002E8902 /* Debug */,
				241BA6EA1FEC480E002E8902 /* Release */,
			);
			defaultConfigurationIsVisible = 0;
			defaultConfigurationName = Release;
		};
		2467A7C11FEF7E44007A7AC9 /* Build configuration list for PBXNativeTarget "AutoSwipeBack" */ = {
			isa = XCConfigurationList;
			buildConfigurations = (
				2467A7C21FEF7E44007A7AC9 /* Debug */,
				2467A7C31FEF7E44007A7AC9 /* Release */,
			);
			defaultConfigurationIsVisible = 0;
			defaultConfigurationName = Release;
		};
		2467A7ED1FEFD393007A7AC9 /* Build configuration list for PBXNativeTarget "AutoExample" */ = {
			isa = XCConfigurationList;
			buildConfigurations = (
				2467A7EE1FEFD393007A7AC9 /* Debug */,
				2467A7EF1FEFD393007A7AC9 /* Release */,
			);
			defaultConfigurationIsVisible = 0;
			defaultConfigurationName = Release;
		};
		2467A8041FEFDA2B007A7AC9 /* Build configuration list for PBXNativeTarget "AutoSwipeToDismiss" */ = {
			isa = XCConfigurationList;
			buildConfigurations = (
				2467A8051FEFDA2B007A7AC9 /* Debug */,
				2467A8061FEFDA2B007A7AC9 /* Release */,
			);
			defaultConfigurationIsVisible = 0;
			defaultConfigurationName = Release;
		};
/* End XCConfigurationList section */
	};
	rootObject = 241BA6BD1FEC271B002E8902 /* Project object */;
}
